
Microsoft Visual Studio Solution File, Format Version 11.00
# Visual Studio 2010
Project("{FAE04EC0-301F-11D3-BF4B-00C04F79EFBC}") = "Ionlara.Dtilemap", "Ionlara.Dtilemap.csproj", "{CBF289D8-1F74-6B4E-9A8C-CF355E38D73A}"
EndProject
Project("{FAE04EC0-301F-11D3-BF4B-00C04F79EFBC}") = "Assembly-CSharp", "Assembly-CSharp.csproj", "{B6CBD21F-B37D-9C7A-44A3-C4822FC3AA79}"
EndProject
Project("{FAE04EC0-301F-11D3-BF4B-00C04F79EFBC}") = "Ionlara.Dtilemap.Tests", "Ionlara.Dtilemap.Tests.csproj", "{9E8AE94C-C9D4-85C6-2488-7662B3BF359E}"
EndProject
Project("{FAE04EC0-301F-11D3-BF4B-00C04F79EFBC}") = "Ionlara.Dtilemap.Editor", "Ionlara.Dtilemap.Editor.csproj", "{E4D7A788-DA3C-E78C-A5A7-FE764A8B1BAD}"
EndProject
Project("{FAE04EC0-301F-11D3-BF4B-00C04F79EFBC}") = "Assembly-CSharp-Editor", "Assembly-CSharp-Editor.csproj", "{0BC286C9-90AD-757F-8742-5A3727683F1B}"
EndProject
Project("{FAE04EC0-301F-11D3-BF4B-00C04F79EFBC}") = "Ionlara.Dtilemap.Editor.Tests", "Ionlara.Dtilemap.Editor.Tests.csproj", "{8F228624-D4B7-A615-0ED1-AE78269149E0}"
EndProject
Global
	GlobalSection(SolutionConfigurationPlatforms) = preSolution
		Debug|Any CPU = Debug|Any CPU
		Release|Any CPU = Release|Any CPU
	EndGlobalSection
	GlobalSection(ProjectConfigurationPlatforms) = postSolution
		{CBF289D8-1F74-6B4E-9A8C-CF355E38D73A}.Debug|Any CPU.ActiveCfg = Debug|Any CPU
		{CBF289D8-1F74-6B4E-9A8C-CF355E38D73A}.Debug|Any CPU.Build.0 = Debug|Any CPU
		{CBF289D8-1F74-6B4E-9A8C-CF355E38D73A}.Release|Any CPU.ActiveCfg = Release|Any CPU
		{CBF289D8-1F74-6B4E-9A8C-CF355E38D73A}.Release|Any CPU.Build.0 = Release|Any CPU
		{B6CBD21F-B37D-9C7A-44A3-C4822FC3AA79}.Debug|Any CPU.ActiveCfg = Debug|Any CPU
		{B6CBD21F-B37D-9C7A-44A3-C4822FC3AA79}.Debug|Any CPU.Build.0 = Debug|Any CPU
		{B6CBD21F-B37D-9C7A-44A3-C4822FC3AA79}.Release|Any CPU.ActiveCfg = Release|Any CPU
		{B6CBD21F-B37D-9C7A-44A3-C4822FC3AA79}.Release|Any CPU.Build.0 = Release|Any CPU
		{9E8AE94C-C9D4-85C6-2488-7662B3BF359E}.Debug|Any CPU.ActiveCfg = Debug|Any CPU
		{9E8AE94C-C9D4-85C6-2488-7662B3BF359E}.Debug|Any CPU.Build.0 = Debug|Any CPU
		{9E8AE94C-C9D4-85C6-2488-7662B3BF359E}.Release|Any CPU.ActiveCfg = Release|Any CPU
		{9E8AE94C-C9D4-85C6-2488-7662B3BF359E}.Release|Any CPU.Build.0 = Release|Any CPU
		{E4D7A788-DA3C-E78C-A5A7-FE764A8B1BAD}.Debug|Any CPU.ActiveCfg = Debug|Any CPU
		{E4D7A788-DA3C-E78C-A5A7-FE764A8B1BAD}.Debug|Any CPU.Build.0 = Debug|Any CPU
		{E4D7A788-DA3C-E78C-A5A7-FE764A8B1BAD}.Release|Any CPU.ActiveCfg = Release|Any CPU
		{E4D7A788-DA3C-E78C-A5A7-FE764A8B1BAD}.Release|Any CPU.Build.0 = Release|Any CPU
		{0BC286C9-90AD-757F-8742-5A3727683F1B}.Debug|Any CPU.ActiveCfg = Debug|Any CPU
		{0BC286C9-90AD-757F-8742-5A3727683F1B}.Debug|Any CPU.Build.0 = Debug|Any CPU
		{0BC286C9-90AD-757F-8742-5A3727683F1B}.Release|Any CPU.ActiveCfg = Release|Any CPU
		{0BC286C9-90AD-757F-8742-5A3727683F1B}.Release|Any CPU.Build.0 = Release|Any CPU
		{8F228624-D4B7-A615-0ED1-AE78269149E0}.Debug|Any CPU.ActiveCfg = Debug|Any CPU
		{8F228624-D4B7-A615-0ED1-AE78269149E0}.Debug|Any CPU.Build.0 = Debug|Any CPU
		{8F228624-D4B7-A615-0ED1-AE78269149E0}.Release|Any CPU.ActiveCfg = Release|Any CPU
		{8F228624-D4B7-A615-0ED1-AE78269149E0}.Release|Any CPU.Build.0 = Release|Any CPU
	EndGlobalSection
	GlobalSection(SolutionProperties) = preSolution
		HideSolutionNode = FALSE
	EndGlobalSection
EndGlobal
