
Microsoft Visual Studio Solution File, Format Version 12.00
# Visual Studio 15
Project("{FAE04EC0-301F-11D3-BF4B-00C04F79EFBC}") = "Ionlara.Dtilemap", "Ionlara.Dtilemap.csproj", "{1ADAB333-0748-1D06-333D-5506FCD115B5}"
EndProject
Project("{FAE04EC0-301F-11D3-BF4B-00C04F79EFBC}") = "Assembly-CSharp", "Assembly-CSharp.csproj", "{CBC24100-BDDA-80AF-1685-EB24B0A82C01}"
EndProject
Project("{FAE04EC0-301F-11D3-BF4B-00C04F79EFBC}") = "Ionlara.Dtilemap.Tests", "Ionlara.Dtilemap.Tests.csproj", "{5666B345-B38B-8410-FD47-D5CDA968D2A4}"
EndProject
Project("{FAE04EC0-301F-11D3-BF4B-00C04F79EFBC}") = "Ionlara.Dtilemap.Editor", "Ionlara.Dtilemap.Editor.csproj", "{39780377-D5F1-8F9A-3D25-02DBC59DEB26}"
EndProject
Project("{FAE04EC0-301F-11D3-BF4B-00C04F79EFBC}") = "Assembly-CSharp-Editor", "Assembly-CSharp-Editor.csproj", "{922EB265-B9DC-9A9C-7B4A-AC661F55169A}"
EndProject
Project("{FAE04EC0-301F-11D3-BF4B-00C04F79EFBC}") = "Ionlara.Dtilemap.Editor.Tests", "Ionlara.Dtilemap.Editor.Tests.csproj", "{98A938BE-A4D8-422C-E399-B1374428A90D}"
EndProject
Global
	GlobalSection(SolutionConfigurationPlatforms) = preSolution
		Debug|Any CPU = Debug|Any CPU
		Release|Any CPU = Release|Any CPU
	EndGlobalSection
	GlobalSection(ProjectConfigurationPlatforms) = postSolution
		{1ADAB333-0748-1D06-333D-5506FCD115B5}.Debug|Any CPU.ActiveCfg = Debug|Any CPU
		{1ADAB333-0748-1D06-333D-5506FCD115B5}.Debug|Any CPU.Build.0 = Debug|Any CPU
		{1ADAB333-0748-1D06-333D-5506FCD115B5}.Release|Any CPU.ActiveCfg = Release|Any CPU
		{1ADAB333-0748-1D06-333D-5506FCD115B5}.Release|Any CPU.Build.0 = Release|Any CPU
		{CBC24100-BDDA-80AF-1685-EB24B0A82C01}.Debug|Any CPU.ActiveCfg = Debug|Any CPU
		{CBC24100-BDDA-80AF-1685-EB24B0A82C01}.Debug|Any CPU.Build.0 = Debug|Any CPU
		{CBC24100-BDDA-80AF-1685-EB24B0A82C01}.Release|Any CPU.ActiveCfg = Release|Any CPU
		{CBC24100-BDDA-80AF-1685-EB24B0A82C01}.Release|Any CPU.Build.0 = Release|Any CPU
		{5666B345-B38B-8410-FD47-D5CDA968D2A4}.Debug|Any CPU.ActiveCfg = Debug|Any CPU
		{5666B345-B38B-8410-FD47-D5CDA968D2A4}.Debug|Any CPU.Build.0 = Debug|Any CPU
		{5666B345-B38B-8410-FD47-D5CDA968D2A4}.Release|Any CPU.ActiveCfg = Release|Any CPU
		{5666B345-B38B-8410-FD47-D5CDA968D2A4}.Release|Any CPU.Build.0 = Release|Any CPU
		{39780377-D5F1-8F9A-3D25-02DBC59DEB26}.Debug|Any CPU.ActiveCfg = Debug|Any CPU
		{39780377-D5F1-8F9A-3D25-02DBC59DEB26}.Debug|Any CPU.Build.0 = Debug|Any CPU
		{39780377-D5F1-8F9A-3D25-02DBC59DEB26}.Release|Any CPU.ActiveCfg = Release|Any CPU
		{39780377-D5F1-8F9A-3D25-02DBC59DEB26}.Release|Any CPU.Build.0 = Release|Any CPU
		{922EB265-B9DC-9A9C-7B4A-AC661F55169A}.Debug|Any CPU.ActiveCfg = Debug|Any CPU
		{922EB265-B9DC-9A9C-7B4A-AC661F55169A}.Debug|Any CPU.Build.0 = Debug|Any CPU
		{922EB265-B9DC-9A9C-7B4A-AC661F55169A}.Release|Any CPU.ActiveCfg = Release|Any CPU
		{922EB265-B9DC-9A9C-7B4A-AC661F55169A}.Release|Any CPU.Build.0 = Release|Any CPU
		{98A938BE-A4D8-422C-E399-B1374428A90D}.Debug|Any CPU.ActiveCfg = Debug|Any CPU
		{98A938BE-A4D8-422C-E399-B1374428A90D}.Debug|Any CPU.Build.0 = Debug|Any CPU
		{98A938BE-A4D8-422C-E399-B1374428A90D}.Release|Any CPU.ActiveCfg = Release|Any CPU
		{98A938BE-A4D8-422C-E399-B1374428A90D}.Release|Any CPU.Build.0 = Release|Any CPU
	EndGlobalSection
	GlobalSection(SolutionProperties) = preSolution
		HideSolutionNode = FALSE
	EndGlobalSection
EndGlobal
