
Microsoft Visual Studio Solution File, Format Version 12.00
# Visual Studio 15
Project("{FAE04EC0-301F-11D3-BF4B-00C04F79EFBC}") = "Ionlara.Dtilemap", "Ionlara.Dtilemap.csproj", "{6B790F77-D3D1-8F72-261D-33623047CEA1}"
EndProject
Project("{FAE04EC0-301F-11D3-BF4B-00C04F79EFBC}") = "Assembly-CSharp", "Assembly-CSharp.csproj", "{C63F4C90-99C5-CC01-8D8E-136BF0D63FDB}"
EndProject
Project("{FAE04EC0-301F-11D3-BF4B-00C04F79EFBC}") = "Ionlara.Dtilemap.Tests", "Ionlara.Dtilemap.Tests.csproj", "{083955EB-3EC6-536A-8819-778F49827783}"
EndProject
Project("{FAE04EC0-301F-11D3-BF4B-00C04F79EFBC}") = "Ionlara.Dtilemap.Editor", "Ionlara.Dtilemap.Editor.csproj", "{ADF0BF8D-91D1-A220-41D9-DE7C0342FFC1}"
EndProject
Project("{FAE04EC0-301F-11D3-BF4B-00C04F79EFBC}") = "Assembly-CSharp-Editor", "Assembly-CSharp-Editor.csproj", "{BF41F688-8F95-F1EE-C5FC-00248A6FE760}"
EndProject
Project("{FAE04EC0-301F-11D3-BF4B-00C04F79EFBC}") = "Ionlara.Dtilemap.Editor.Tests", "Ionlara.Dtilemap.Editor.Tests.csproj", "{9450522D-0F30-1C39-5DAE-63EBA7331E69}"
EndProject
Global
	GlobalSection(SolutionConfigurationPlatforms) = preSolution
		Debug|Any CPU = Debug|Any CPU
		Release|Any CPU = Release|Any CPU
	EndGlobalSection
	GlobalSection(ProjectConfigurationPlatforms) = postSolution
		{6B790F77-D3D1-8F72-261D-33623047CEA1}.Debug|Any CPU.ActiveCfg = Debug|Any CPU
		{6B790F77-D3D1-8F72-261D-33623047CEA1}.Debug|Any CPU.Build.0 = Debug|Any CPU
		{6B790F77-D3D1-8F72-261D-33623047CEA1}.Release|Any CPU.ActiveCfg = Release|Any CPU
		{6B790F77-D3D1-8F72-261D-33623047CEA1}.Release|Any CPU.Build.0 = Release|Any CPU
		{C63F4C90-99C5-CC01-8D8E-136BF0D63FDB}.Debug|Any CPU.ActiveCfg = Debug|Any CPU
		{C63F4C90-99C5-CC01-8D8E-136BF0D63FDB}.Debug|Any CPU.Build.0 = Debug|Any CPU
		{C63F4C90-99C5-CC01-8D8E-136BF0D63FDB}.Release|Any CPU.ActiveCfg = Release|Any CPU
		{C63F4C90-99C5-CC01-8D8E-136BF0D63FDB}.Release|Any CPU.Build.0 = Release|Any CPU
		{083955EB-3EC6-536A-8819-778F49827783}.Debug|Any CPU.ActiveCfg = Debug|Any CPU
		{083955EB-3EC6-536A-8819-778F49827783}.Debug|Any CPU.Build.0 = Debug|Any CPU
		{083955EB-3EC6-536A-8819-778F49827783}.Release|Any CPU.ActiveCfg = Release|Any CPU
		{083955EB-3EC6-536A-8819-778F49827783}.Release|Any CPU.Build.0 = Release|Any CPU
		{ADF0BF8D-91D1-A220-41D9-DE7C0342FFC1}.Debug|Any CPU.ActiveCfg = Debug|Any CPU
		{ADF0BF8D-91D1-A220-41D9-DE7C0342FFC1}.Debug|Any CPU.Build.0 = Debug|Any CPU
		{ADF0BF8D-91D1-A220-41D9-DE7C0342FFC1}.Release|Any CPU.ActiveCfg = Release|Any CPU
		{ADF0BF8D-91D1-A220-41D9-DE7C0342FFC1}.Release|Any CPU.Build.0 = Release|Any CPU
		{BF41F688-8F95-F1EE-C5FC-00248A6FE760}.Debug|Any CPU.ActiveCfg = Debug|Any CPU
		{BF41F688-8F95-F1EE-C5FC-00248A6FE760}.Debug|Any CPU.Build.0 = Debug|Any CPU
		{BF41F688-8F95-F1EE-C5FC-00248A6FE760}.Release|Any CPU.ActiveCfg = Release|Any CPU
		{BF41F688-8F95-F1EE-C5FC-00248A6FE760}.Release|Any CPU.Build.0 = Release|Any CPU
		{9450522D-0F30-1C39-5DAE-63EBA7331E69}.Debug|Any CPU.ActiveCfg = Debug|Any CPU
		{9450522D-0F30-1C39-5DAE-63EBA7331E69}.Debug|Any CPU.Build.0 = Debug|Any CPU
		{9450522D-0F30-1C39-5DAE-63EBA7331E69}.Release|Any CPU.ActiveCfg = Release|Any CPU
		{9450522D-0F30-1C39-5DAE-63EBA7331E69}.Release|Any CPU.Build.0 = Release|Any CPU
	EndGlobalSection
	GlobalSection(SolutionProperties) = preSolution
		HideSolutionNode = FALSE
	EndGlobalSection
EndGlobal
